Microsoft Visual Studio Solution File, Format Version 12.00
# Visual Studio Version 17
VisualStudioVersion = 17.5.2.0
MinimumVisualStudioVersion = 10.0.40219.1
Project("{FAE04EC0-301F-11D3-BF4B-00C04F79EFBC}") = "gerador de senhas", "gerador de senhas.csproj", "{DC1131BC-AD97-5385-6D9C-034BC36B0387}"
EndProject
Global
	GlobalSection(SolutionConfigurationPlatforms) = preSolution
		Debug|Any CPU = Debug|Any CPU
		Release|Any CPU = Release|Any CPU
	EndGlobalSection
	GlobalSection(ProjectConfigurationPlatforms) = postSolution
		{DC1131BC-AD97-5385-6D9C-034BC36B0387}.Debug|Any CPU.ActiveCfg = Debug|Any CPU
		{DC1131BC-AD97-5385-6D9C-034BC36B0387}.Debug|Any CPU.Build.0 = Debug|Any CPU
		{DC1131BC-AD97-5385-6D9C-034BC36B0387}.Release|Any CPU.ActiveCfg = Release|Any CPU
		{DC1131BC-AD97-5385-6D9C-034BC36B0387}.Release|Any CPU.Build.0 = Release|Any CPU
	EndGlobalSection
	GlobalSection(SolutionProperties) = preSolution
		HideSolutionNode = FALSE
	EndGlobalSection
	GlobalSection(ExtensibilityGlobals) = postSolution
		SolutionGuid = {69F12D36-4681-4F97-A35B-019D55122D04}
	EndGlobalSection
EndGlobal
